<?xml version="1.0" encoding="utf-8"?>
<Project ToolsVersion="4.0" xmlns="http://schemas.microsoft.com/developer/msbuild/2003">
  <ItemGroup>
    <Filter Include="소스 파일">
      <UniqueIdentifier>{4FC737F1-C7A5-4376-A066-2A32D752A2FF}</UniqueIdentifier>
      <Extensions>cpp;c;cc;cxx;def;odl;idl;hpj;bat;asm;asmx</Extensions>
    </Filter>
    <Filter Include="소스 파일\MainWndProcs">
      <UniqueIdentifier>{d28f44a2-76e5-46da-8510-d0a02e5bf36f}</UniqueIdentifier>
    </Filter>
    <Filter Include="소스 파일\CopyrightWndProcs">
      <UniqueIdentifier>{2262af06-de02-463c-a1bb-98102a7a64bb}</UniqueIdentifier>
    </Filter>
    <Filter Include="소스 파일\Shell Related Functions">
      <UniqueIdentifier>{42fcca57-7f23-4e92-8fa6-e928d6d7284d}</UniqueIdentifier>
    </Filter>
    <Filter Include="소스 파일\FileHandling Functions">
      <UniqueIdentifier>{a4603123-fc3c-414b-af68-b27ced98ea35}</UniqueIdentifier>
    </Filter>
    <Filter Include="소스 파일\Graphic Functions">
      <UniqueIdentifier>{67ae8b50-1508-4a83-8a5f-fc8c2b00c5b0}</UniqueIdentifier>
    </Filter>
    <Filter Include="소스 파일\MCI Functions">
      <UniqueIdentifier>{04a4562f-e666-415b-bb58-3e7f27615b03}</UniqueIdentifier>
    </Filter>
    <Filter Include="소스 파일\MCI Play Related Functions">
      <UniqueIdentifier>{2d545e70-6e4e-4542-b336-0d7b975bbd32}</UniqueIdentifier>
    </Filter>
    <Filter Include="소스 파일\PlayListWndProcs">
      <UniqueIdentifier>{a96e1c95-dda1-43ec-8a4e-76335006beff}</UniqueIdentifier>
    </Filter>
    <Filter Include="소스 파일\Wrapper Functions">
      <UniqueIdentifier>{1889a2b8-e3d9-46c0-9d73-84b246566b2b}</UniqueIdentifier>
    </Filter>
    <Filter Include="소스 파일\Menu Related Functions">
      <UniqueIdentifier>{4d9d021f-2a19-42bb-bdee-42da17793a31}</UniqueIdentifier>
    </Filter>
    <Filter Include="소스 파일\Temporary Functions">
      <UniqueIdentifier>{9b328915-9343-407b-99ff-55ce77db4d22}</UniqueIdentifier>
    </Filter>
    <Filter Include="헤더 파일">
      <UniqueIdentifier>{93995380-89BD-4b04-88EB-625FBE52EBFB}</UniqueIdentifier>
      <Extensions>h;hpp;hxx;hm;inl;inc;xsd</Extensions>
    </Filter>
    <Filter Include="헤더 파일\WndProcs">
      <UniqueIdentifier>{a75c5687-55f6-4758-8e05-372e059f577b}</UniqueIdentifier>
    </Filter>
    <Filter Include="헤더 파일\Functions">
      <UniqueIdentifier>{3d67e8fb-227c-4484-8147-dd35c092fa4a}</UniqueIdentifier>
    </Filter>
    <Filter Include="리소스 파일">
      <UniqueIdentifier>{67DA6AB6-F800-4c08-8B7A-83BB121AAD01}</UniqueIdentifier>
      <Extensions>rc;ico;cur;bmp;dlg;rc2;rct;bin;rgs;gif;jpg;jpeg;jpe;resx;tiff;tif;png;wav</Extensions>
    </Filter>
  </ItemGroup>
  <ItemGroup>
    <ClCompile Include="Source and Header\WinMain.cpp">
      <Filter>소스 파일</Filter>
    </ClCompile>
    <ClCompile Include="Source and Header\CloseWindowImageButtonWndProc.cpp">
      <Filter>소스 파일\MainWndProcs</Filter>
    </ClCompile>
    <ClCompile Include="Source and Header\GlassImageButtonWndProc.cpp">
      <Filter>소스 파일\MainWndProcs</Filter>
    </ClCompile>
    <ClCompile Include="Source and Header\MainWndProc.cpp">
      <Filter>소스 파일\MainWndProcs</Filter>
    </ClCompile>
    <ClCompile Include="Source and Header\MinimizeWindowImageButtonWndProc.cpp">
      <Filter>소스 파일\MainWndProcs</Filter>
    </ClCompile>
    <ClCompile Include="Source and Header\NextTrackSelectImageButtonWndProc.cpp">
      <Filter>소스 파일\MainWndProcs</Filter>
    </ClCompile>
    <ClCompile Include="Source and Header\PlayListCallImageButtonWndProc.cpp">
      <Filter>소스 파일\MainWndProcs</Filter>
    </ClCompile>
    <ClCompile Include="Source and Header\PlayOrPauseImageButtonWndProc.cpp">
      <Filter>소스 파일\MainWndProcs</Filter>
    </ClCompile>
    <ClCompile Include="Source and Header\PrevTrackSelectImageButtonWndProc.cpp">
      <Filter>소스 파일\MainWndProcs</Filter>
    </ClCompile>
    <ClCompile Include="Source and Header\RepeatImageButtonWndProc.cpp">
      <Filter>소스 파일\MainWndProcs</Filter>
    </ClCompile>
    <ClCompile Include="Source and Header\StopImageButtonWndProc.cpp">
      <Filter>소스 파일\MainWndProcs</Filter>
    </ClCompile>
    <ClCompile Include="Source and Header\VersionImageButtonWndProc.cpp">
      <Filter>소스 파일\MainWndProcs</Filter>
    </ClCompile>
    <ClCompile Include="Source and Header\CloseCopyrightImageButtonWndProc.cpp">
      <Filter>소스 파일\CopyrightWndProcs</Filter>
    </ClCompile>
    <ClCompile Include="Source and Header\CopyrightWndProc.cpp">
      <Filter>소스 파일\CopyrightWndProcs</Filter>
    </ClCompile>
    <ClCompile Include="Source and Header\MakerLogoImageWndProc.cpp">
      <Filter>소스 파일\CopyrightWndProcs</Filter>
    </ClCompile>
    <ClCompile Include="Source and Header\ProgramLogoImageWndProc.cpp">
      <Filter>소스 파일\CopyrightWndProcs</Filter>
    </ClCompile>
    <ClCompile Include="Source and Header\NotifyIconDataCall.cpp">
      <Filter>소스 파일\Shell Related Functions</Filter>
    </ClCompile>
    <ClCompile Include="Source and Header\OpenFileNameDialogCall.cpp">
      <Filter>소스 파일\FileHandling Functions</Filter>
    </ClCompile>
    <ClCompile Include="Source and Header\CustomButtonImageDoubleBuffering.cpp">
      <Filter>소스 파일\Graphic Functions</Filter>
    </ClCompile>
    <ClCompile Include="Source and Header\WndLayerTransparentOnOff.cpp">
      <Filter>소스 파일\Graphic Functions</Filter>
    </ClCompile>
    <ClCompile Include="Source and Header\MciClose.cpp">
      <Filter>소스 파일\MCI Functions</Filter>
    </ClCompile>
    <ClCompile Include="Source and Header\MciGetPlayPosition.cpp">
      <Filter>소스 파일\MCI Functions</Filter>
    </ClCompile>
    <ClCompile Include="Source and Header\MciGetVolume.cpp">
      <Filter>소스 파일\MCI Functions</Filter>
    </ClCompile>
    <ClCompile Include="Source and Header\MciOpen.cpp">
      <Filter>소스 파일\MCI Functions</Filter>
    </ClCompile>
    <ClCompile Include="Source and Header\MciPlay.cpp">
      <Filter>소스 파일\MCI Functions</Filter>
    </ClCompile>
    <ClCompile Include="Source and Header\MciSetPlayPositionSelectToScroll.cpp">
      <Filter>소스 파일\MCI Functions</Filter>
    </ClCompile>
    <ClCompile Include="Source and Header\MciSetVolume.cpp">
      <Filter>소스 파일\MCI Functions</Filter>
    </ClCompile>
    <ClCompile Include="Source and Header\SetScrollValueUseMaxFunction.cpp">
      <Filter>소스 파일\MCI Functions</Filter>
    </ClCompile>
    <ClCompile Include="Source and Header\SetScrollValueUseMinFunction.cpp">
      <Filter>소스 파일\MCI Functions</Filter>
    </ClCompile>
    <ClCompile Include="Source and Header\PlayTimePrintStatic.cpp">
      <Filter>소스 파일\MCI Play Related Functions</Filter>
    </ClCompile>
    <ClCompile Include="Source and Header\StateChangeToPlayOrPause.cpp">
      <Filter>소스 파일\MCI Play Related Functions</Filter>
    </ClCompile>
    <ClCompile Include="Source and Header\AddListImageButtonWndProc.cpp">
      <Filter>소스 파일\PlayListWndProcs</Filter>
    </ClCompile>
    <ClCompile Include="Source and Header\AllDeleteImageButtonWndProc.cpp">
      <Filter>소스 파일\PlayListWndProcs</Filter>
    </ClCompile>
    <ClCompile Include="Source and Header\ClosePlayListImageButtonWndProc.cpp">
      <Filter>소스 파일\PlayListWndProcs</Filter>
    </ClCompile>
    <ClCompile Include="Source and Header\DeleteListImageButtonWndProc.cpp">
      <Filter>소스 파일\PlayListWndProcs</Filter>
    </ClCompile>
    <ClCompile Include="Source and Header\LoadListImageButtonWndProc.cpp">
      <Filter>소스 파일\PlayListWndProcs</Filter>
    </ClCompile>
    <ClCompile Include="Source and Header\PlayListWndProc.cpp">
      <Filter>소스 파일\PlayListWndProcs</Filter>
    </ClCompile>
    <ClCompile Include="Source and Header\SaveListImageButtonWndProc.cpp">
      <Filter>소스 파일\PlayListWndProcs</Filter>
    </ClCompile>
    <ClCompile Include="Source and Header\WrapperMusicFilePlayFuction.cpp">
      <Filter>소스 파일\Wrapper Functions</Filter>
    </ClCompile>
    <ClCompile Include="Source and Header\FloatingPopupMenuCall.cpp">
      <Filter>소스 파일\Menu Related Functions</Filter>
    </ClCompile>
    <ClCompile Include="Source and Header\CreateChildButton.cpp">
      <Filter>소스 파일\Temporary Functions</Filter>
    </ClCompile>
  </ItemGroup>
  <ItemGroup>
    <ClInclude Include="Source and Header\Headers\HeaderCollect.h">
      <Filter>헤더 파일</Filter>
    </ClInclude>
    <ClInclude Include="resource.h">
      <Filter>헤더 파일</Filter>
    </ClInclude>
    <ClInclude Include="Source and Header\Headers\VariableCollect.h">
      <Filter>헤더 파일</Filter>
    </ClInclude>
    <ClInclude Include="Source and Header\Headers\WndProcs\CopyrightWndProcs.h">
      <Filter>헤더 파일\WndProcs</Filter>
    </ClInclude>
    <ClInclude Include="Source and Header\Headers\WndProcs\MainWndProcs.h">
      <Filter>헤더 파일\WndProcs</Filter>
    </ClInclude>
    <ClInclude Include="Source and Header\Headers\WndProcs\PlayListWndProcs.h">
      <Filter>헤더 파일\WndProcs</Filter>
    </ClInclude>
    <ClInclude Include="Source and Header\Headers\Functions\FileHandlingFunctions.h">
      <Filter>헤더 파일\Functions</Filter>
    </ClInclude>
    <ClInclude Include="Source and Header\Headers\Functions\GraphicFunctions.h">
      <Filter>헤더 파일\Functions</Filter>
    </ClInclude>
    <ClInclude Include="Source and Header\Headers\Functions\MCIFunctions.h">
      <Filter>헤더 파일\Functions</Filter>
    </ClInclude>
    <ClInclude Include="Source and Header\Headers\Functions\MCIPlayRelatedFunctions.h">
      <Filter>헤더 파일\Functions</Filter>
    </ClInclude>
    <ClInclude Include="Source and Header\Headers\Functions\MenuRelatedFunctions.h">
      <Filter>헤더 파일\Functions</Filter>
    </ClInclude>
    <ClInclude Include="Source and Header\Headers\Functions\ShellRelatedFunctions.h">
      <Filter>헤더 파일\Functions</Filter>
    </ClInclude>
    <ClInclude Include="Source and Header\Headers\Functions\TemporaryFunctions.h">
      <Filter>헤더 파일\Functions</Filter>
    </ClInclude>
    <ClInclude Include="Source and Header\Headers\Functions\WrapperFunctions.h">
      <Filter>헤더 파일\Functions</Filter>
    </ClInclude>
  </ItemGroup>
  <ItemGroup>
    <ResourceCompile Include="MCI Player.rc">
      <Filter>리소스 파일</Filter>
    </ResourceCompile>
  </ItemGroup>
</Project>