
Microsoft Visual Studio Solution File, Format Version 10.00
# Visual Studio 2008
Project("{8BC9CEB8-8B4A-11D0-8D11-00A0C91BC942}") = "MCI Player", "MCI Player.vcproj", "{53FDF647-84B4-4247-A07C-093B7E873174}"
EndProject
Global
	GlobalSection(SolutionConfigurationPlatforms) = preSolution
		Debug|Win32 = Debug|Win32
		Release|Win32 = Release|Win32
	EndGlobalSection
	GlobalSection(ProjectConfigurationPlatforms) = postSolution
		{53FDF647-84B4-4247-A07C-093B7E873174}.Debug|Win32.ActiveCfg = Debug|Win32
		{53FDF647-84B4-4247-A07C-093B7E873174}.Debug|Win32.Build.0 = Debug|Win32
		{53FDF647-84B4-4247-A07C-093B7E873174}.Release|Win32.ActiveCfg = Release|Win32
		{53FDF647-84B4-4247-A07C-093B7E873174}.Release|Win32.Build.0 = Release|Win32
	EndGlobalSection
	GlobalSection(SolutionProperties) = preSolution
		HideSolutionNode = FALSE
	EndGlobalSection
EndGlobal
